
Microsoft Visual Studio Solution File, Format Version 12.00
# Visual Studio Version 16
VisualStudioVersion = 16.0.29324.140
MinimumVisualStudioVersion = 10.0.40219.1
Project("{9A19103F-16F7-4668-BE54-9A1E7A4F7556}") = "ProiectFlorea", "ProiectFlorea\ProiectFlorea.csproj", "{1AB4D529-770B-4409-BDF4-CB8CE430B959}"
EndProject
Project("{2150E333-8FDC-42A3-9474-1A3956D46DE8}") = "Solution Items", "Solution Items", "{165DF4A4-EB41-4A9D-B1D9-BFE3FEE5C9CB}"
	ProjectSection(SolutionItems) = preProject
		input.ins = input.ins
	EndProjectSection
EndProject
Project("{FAE04EC0-301F-11D3-BF4B-00C04F79EFBC}") = "InstructionRearrangement", "InstructionRearrangement\InstructionRearrangement.csproj", "{977AB7EF-B0A2-45D6-8470-10FC498EADCF}"
EndProject
Project("{FAE04EC0-301F-11D3-BF4B-00C04F79EFBC}") = "Utils", "Utils\Utils.csproj", "{3551C066-1610-4497-A03A-1ED25149754D}"
EndProject
Project("{FAE04EC0-301F-11D3-BF4B-00C04F79EFBC}") = "Entities", "Entities\Entities.csproj", "{52891BF8-8EF3-46FA-8971-5D86D5109AA2}"
EndProject
Global
	GlobalSection(SolutionConfigurationPlatforms) = preSolution
		Debug|Any CPU = Debug|Any CPU
		Release|Any CPU = Release|Any CPU
	EndGlobalSection
	GlobalSection(ProjectConfigurationPlatforms) = postSolution
		{1AB4D529-770B-4409-BDF4-CB8CE430B959}.Debug|Any CPU.ActiveCfg = Debug|Any CPU
		{1AB4D529-770B-4409-BDF4-CB8CE430B959}.Debug|Any CPU.Build.0 = Debug|Any CPU
		{1AB4D529-770B-4409-BDF4-CB8CE430B959}.Release|Any CPU.ActiveCfg = Release|Any CPU
		{1AB4D529-770B-4409-BDF4-CB8CE430B959}.Release|Any CPU.Build.0 = Release|Any CPU
		{977AB7EF-B0A2-45D6-8470-10FC498EADCF}.Debug|Any CPU.ActiveCfg = Debug|Any CPU
		{977AB7EF-B0A2-45D6-8470-10FC498EADCF}.Debug|Any CPU.Build.0 = Debug|Any CPU
		{977AB7EF-B0A2-45D6-8470-10FC498EADCF}.Release|Any CPU.ActiveCfg = Release|Any CPU
		{977AB7EF-B0A2-45D6-8470-10FC498EADCF}.Release|Any CPU.Build.0 = Release|Any CPU
		{3551C066-1610-4497-A03A-1ED25149754D}.Debug|Any CPU.ActiveCfg = Debug|Any CPU
		{3551C066-1610-4497-A03A-1ED25149754D}.Debug|Any CPU.Build.0 = Debug|Any CPU
		{3551C066-1610-4497-A03A-1ED25149754D}.Release|Any CPU.ActiveCfg = Release|Any CPU
		{3551C066-1610-4497-A03A-1ED25149754D}.Release|Any CPU.Build.0 = Release|Any CPU
		{52891BF8-8EF3-46FA-8971-5D86D5109AA2}.Debug|Any CPU.ActiveCfg = Debug|Any CPU
		{52891BF8-8EF3-46FA-8971-5D86D5109AA2}.Debug|Any CPU.Build.0 = Debug|Any CPU
		{52891BF8-8EF3-46FA-8971-5D86D5109AA2}.Release|Any CPU.ActiveCfg = Release|Any CPU
		{52891BF8-8EF3-46FA-8971-5D86D5109AA2}.Release|Any CPU.Build.0 = Release|Any CPU
	EndGlobalSection
	GlobalSection(SolutionProperties) = preSolution
		HideSolutionNode = FALSE
	EndGlobalSection
	GlobalSection(ExtensibilityGlobals) = postSolution
		SolutionGuid = {9A661981-83B4-42D9-AD98-170C5058A86B}
	EndGlobalSection
EndGlobal
